// !$*UTF8*$!
{
	archiveVersion = 1;
	classes = {
	};
	objectVersion = 46;
	objects = {

/* Begin PBXBuildFile section */
		35F68CB91DBF7ABB21C29330 /* Pods_FriendsBase.framework in Frameworks */ = {isa = PBXBuildFile; fileRef = 94E000D8C81D9F580D4C1E24 /* Pods_FriendsBase.framework */; };
		CE6F7C221D8333B800D2096D /* DesignView.swift in Sources */ = {isa = PBXBuildFile; fileRef = CE6F7C211D8333B800D2096D /* DesignView.swift */; };
		CE6F7C261D83365100D2096D /* Constants.swift in Sources */ = {isa = PBXBuildFile; fileRef = CE6F7C251D83365100D2096D /* Constants.swift */; };
		CE6F7C281D8339C600D2096D /* RoundBtn.swift in Sources */ = {isa = PBXBuildFile; fileRef = CE6F7C271D8339C600D2096D /* RoundBtn.swift */; };
		CE6F7C2A1D83403E00D2096D /* DesignTxtField.swift in Sources */ = {isa = PBXBuildFile; fileRef = CE6F7C291D83403E00D2096D /* DesignTxtField.swift */; };
		CE6F7C2C1D8341CD00D2096D /* DesignBtn.swift in Sources */ = {isa = PBXBuildFile; fileRef = CE6F7C2B1D8341CD00D2096D /* DesignBtn.swift */; };
		CE73B4051D81D044005EBC4B /* AppDelegate.swift in Sources */ = {isa = PBXBuildFile; fileRef = CE73B4041D81D044005EBC4B /* AppDelegate.swift */; };
		CE73B4071D81D044005EBC4B /* SignInVC.swift in Sources */ = {isa = PBXBuildFile; fileRef = CE73B4061D81D044005EBC4B /* SignInVC.swift */; };
		CE73B40A1D81D044005EBC4B /* Main.storyboard in Resources */ = {isa = PBXBuildFile; fileRef = CE73B4081D81D044005EBC4B /* Main.storyboard */; };
		CE73B40C1D81D044005EBC4B /* Assets.xcassets in Resources */ = {isa = PBXBuildFile; fileRef = CE73B40B1D81D044005EBC4B /* Assets.xcassets */; };
		CE73B40F1D81D044005EBC4B /* LaunchScreen.storyboard in Resources */ = {isa = PBXBuildFile; fileRef = CE73B40D1D81D044005EBC4B /* LaunchScreen.storyboard */; };
		CE73B4171D81D116005EBC4B /* GoogleService-Info.plist in Resources */ = {isa = PBXBuildFile; fileRef = CE73B4161D81D116005EBC4B /* GoogleService-Info.plist */; };
		CE78D0AA1D839CD700AB4C17 /* FeedVC.swift in Sources */ = {isa = PBXBuildFile; fileRef = CE78D0A91D839CD700AB4C17 /* FeedVC.swift */; };
/* End PBXBuildFile section */

/* Begin PBXFileReference section */
		94E000D8C81D9F580D4C1E24 /* Pods_FriendsBase.framework */ = {isa = PBXFileReference; explicitFileType = wrapper.framework; includeInIndex = 0; path = Pods_FriendsBase.framework; sourceTree = BUILT_PRODUCTS_DIR; };
		CE6F7C211D8333B800D2096D /* DesignView.swift */ = {isa = PBXFileReference; fileEncoding = 4; lastKnownFileType = sourcecode.swift; path = DesignView.swift; sourceTree = "<group>"; };
		CE6F7C251D83365100D2096D /* Constants.swift */ = {isa = PBXFileReference; fileEncoding = 4; lastKnownFileType = sourcecode.swift; path = Constants.swift; sourceTree = "<group>"; };
		CE6F7C271D8339C600D2096D /* RoundBtn.swift */ = {isa = PBXFileReference; fileEncoding = 4; lastKnownFileType = sourcecode.swift; path = RoundBtn.swift; sourceTree = "<group>"; };
		CE6F7C291D83403E00D2096D /* DesignTxtField.swift */ = {isa = PBXFileReference; fileEncoding = 4; lastKnownFileType = sourcecode.swift; path = DesignTxtField.swift; sourceTree = "<group>"; };
		CE6F7C2B1D8341CD00D2096D /* DesignBtn.swift */ = {isa = PBXFileReference; fileEncoding = 4; lastKnownFileType = sourcecode.swift; path = DesignBtn.swift; sourceTree = "<group>"; };
		CE73B4011D81D044005EBC4B /* FriendsBase.app */ = {isa = PBXFileReference; explicitFileType = wrapper.application; includeInIndex = 0; path = FriendsBase.app; sourceTree = BUILT_PRODUCTS_DIR; };
		CE73B4041D81D044005EBC4B /* AppDelegate.swift */ = {isa = PBXFileReference; lastKnownFileType = sourcecode.swift; path = AppDelegate.swift; sourceTree = "<group>"; };
		CE73B4061D81D044005EBC4B /* SignInVC.swift */ = {isa = PBXFileReference; lastKnownFileType = sourcecode.swift; path = SignInVC.swift; sourceTree = "<group>"; };
		CE73B4091D81D044005EBC4B /* Base */ = {isa = PBXFileReference; lastKnownFileType = file.storyboard; name = Base; path = Base.lproj/Main.storyboard; sourceTree = "<group>"; };
		CE73B40B1D81D044005EBC4B /* Assets.xcassets */ = {isa = PBXFileReference; lastKnownFileType = folder.assetcatalog; path = Assets.xcassets; sourceTree = "<group>"; };
		CE73B40E1D81D044005EBC4B /* Base */ = {isa = PBXFileReference; lastKnownFileType = file.storyboard; name = Base; path = Base.lproj/LaunchScreen.storyboard; sourceTree = "<group>"; };
		CE73B4101D81D044005EBC4B /* Info.plist */ = {isa = PBXFileReference; lastKnownFileType = text.plist.xml; path = Info.plist; sourceTree = "<group>"; };
		CE73B4161D81D116005EBC4B /* GoogleService-Info.plist */ = {isa = PBXFileReference; fileEncoding = 4; lastKnownFileType = text.plist.xml; path = "GoogleService-Info.plist"; sourceTree = "<group>"; };
		CE78D0A91D839CD700AB4C17 /* FeedVC.swift */ = {isa = PBXFileReference; fileEncoding = 4; lastKnownFileType = sourcecode.swift; path = FeedVC.swift; sourceTree = "<group>"; };
		CE98853A1D83665A001FD220 /* FriendsBase.entitlements */ = {isa = PBXFileReference; lastKnownFileType = text.plist.entitlements; path = FriendsBase.entitlements; sourceTree = "<group>"; };
		D1BAE5D1AC9E28E8F2AB1AB1 /* Pods-FriendsBase.release.xcconfig */ = {isa = PBXFileReference; includeInIndex = 1; lastKnownFileType = text.xcconfig; name = "Pods-FriendsBase.release.xcconfig"; path = "Pods/Target Support Files/Pods-FriendsBase/Pods-FriendsBase.release.xcconfig"; sourceTree = "<group>"; };
		E3B10E350535D3B241E52FBB /* Pods-FriendsBase.debug.xcconfig */ = {isa = PBXFileReference; includeInIndex = 1; lastKnownFileType = text.xcconfig; name = "Pods-FriendsBase.debug.xcconfig"; path = "Pods/Target Support Files/Pods-FriendsBase/Pods-FriendsBase.debug.xcconfig"; sourceTree = "<group>"; };
/* End PBXFileReference section */

/* Begin PBXFrameworksBuildPhase section */
		CE73B3FE1D81D044005EBC4B /* Frameworks */ = {
			isa = PBXFrameworksBuildPhase;
			buildActionMask = 2147483647;
			files = (
				35F68CB91DBF7ABB21C29330 /* Pods_FriendsBase.framework in Frameworks */,
			);
			runOnlyForDeploymentPostprocessing = 0;
		};
/* End PBXFrameworksBuildPhase section */

/* Begin PBXGroup section */
		3B1BDBEF9AA519010B499128 /* Frameworks */ = {
			isa = PBXGroup;
			children = (
				94E000D8C81D9F580D4C1E24 /* Pods_FriendsBase.framework */,
			);
			name = Frameworks;
			sourceTree = "<group>";
		};
		3C745DB1325411E6A4E9CFD8 /* Pods */ = {
			isa = PBXGroup;
			children = (
				E3B10E350535D3B241E52FBB /* Pods-FriendsBase.debug.xcconfig */,
				D1BAE5D1AC9E28E8F2AB1AB1 /* Pods-FriendsBase.release.xcconfig */,
			);
			name = Pods;
			sourceTree = "<group>";
		};
		CE5331F61D81D53A00AF12BA /* Model */ = {
			isa = PBXGroup;
			children = (
			);
			name = Model;
			sourceTree = "<group>";
		};
		CE5331F71D81D54000AF12BA /* View */ = {
			isa = PBXGroup;
			children = (
				CE6F7C211D8333B800D2096D /* DesignView.swift */,
				CE6F7C271D8339C600D2096D /* RoundBtn.swift */,
				CE6F7C291D83403E00D2096D /* DesignTxtField.swift */,
				CE6F7C2B1D8341CD00D2096D /* DesignBtn.swift */,
			);
			name = View;
			sourceTree = "<group>";
		};
		CE5331F81D81D54600AF12BA /* Controller */ = {
			isa = PBXGroup;
			children = (
				CE73B4061D81D044005EBC4B /* SignInVC.swift */,
				CE78D0A91D839CD700AB4C17 /* FeedVC.swift */,
			);
			name = Controller;
			sourceTree = "<group>";
		};
		CE6F7C231D83362900D2096D /* Util */ = {
			isa = PBXGroup;
			children = (
				CE6F7C251D83365100D2096D /* Constants.swift */,
			);
			name = Util;
			sourceTree = "<group>";
		};
		CE73B3F81D81D044005EBC4B = {
			isa = PBXGroup;
			children = (
				CE73B4031D81D044005EBC4B /* FriendsBase */,
				CE73B4021D81D044005EBC4B /* Products */,
				3C745DB1325411E6A4E9CFD8 /* Pods */,
				3B1BDBEF9AA519010B499128 /* Frameworks */,
			);
			sourceTree = "<group>";
		};
		CE73B4021D81D044005EBC4B /* Products */ = {
			isa = PBXGroup;
			children = (
				CE73B4011D81D044005EBC4B /* FriendsBase.app */,
			);
			name = Products;
			sourceTree = "<group>";
		};
		CE73B4031D81D044005EBC4B /* FriendsBase */ = {
			isa = PBXGroup;
			children = (
				CE98853A1D83665A001FD220 /* FriendsBase.entitlements */,
				CE6F7C231D83362900D2096D /* Util */,
				CE5331F61D81D53A00AF12BA /* Model */,
				CE5331F71D81D54000AF12BA /* View */,
				CE5331F81D81D54600AF12BA /* Controller */,
				CE73B4161D81D116005EBC4B /* GoogleService-Info.plist */,
				CE73B4041D81D044005EBC4B /* AppDelegate.swift */,
				CE73B4081D81D044005EBC4B /* Main.storyboard */,
				CE73B40B1D81D044005EBC4B /* Assets.xcassets */,
				CE73B40D1D81D044005EBC4B /* LaunchScreen.storyboard */,
				CE73B4101D81D044005EBC4B /* Info.plist */,
			);
			path = FriendsBase;
			sourceTree = "<group>";
		};
/* End PBXGroup section */

/* Begin PBXNativeTarget section */
		CE73B4001D81D044005EBC4B /* FriendsBase */ = {
			isa = PBXNativeTarget;
			buildConfigurationList = CE73B4131D81D044005EBC4B /* Build configuration list for PBXNativeTarget "FriendsBase" */;
			buildPhases = (
				3367445B27EB3D98CD80441E /* [CP] Check Pods Manifest.lock */,
				CE73B3FD1D81D044005EBC4B /* Sources */,
				CE73B3FE1D81D044005EBC4B /* Frameworks */,
				CE73B3FF1D81D044005EBC4B /* Resources */,
				14C31ED4D47EA5812407FB4F /* [CP] Embed Pods Frameworks */,
				428B0FB3B65803A120A6D57D /* [CP] Copy Pods Resources */,
			);
			buildRules = (
			);
			dependencies = (
			);
			name = FriendsBase;
			productName = FriendsBase;
			productReference = CE73B4011D81D044005EBC4B /* FriendsBase.app */;
			productType = "com.apple.product-type.application";
		};
/* End PBXNativeTarget section */

/* Begin PBXProject section */
		CE73B3F91D81D044005EBC4B /* Project object */ = {
			isa = PBXProject;
			attributes = {
				LastSwiftUpdateCheck = 0800;
				LastUpgradeCheck = 0800;
				ORGANIZATIONNAME = "Vignesh Kumar";
				TargetAttributes = {
					CE73B4001D81D044005EBC4B = {
						CreatedOnToolsVersion = 8.0;
						DevelopmentTeam = UW7D9DM39Y;
						LastSwiftMigration = 0800;
						ProvisioningStyle = Automatic;
						SystemCapabilities = {
							com.apple.Keychain = {
								enabled = 1;
							};
						};
					};
				};
			};
			buildConfigurationList = CE73B3FC1D81D044005EBC4B /* Build configuration list for PBXProject "FriendsBase" */;
			compatibilityVersion = "Xcode 3.2";
			developmentRegion = English;
			hasScannedForEncodings = 0;
			knownRegions = (
				en,
				Base,
			);
			mainGroup = CE73B3F81D81D044005EBC4B;
			productRefGroup = CE73B4021D81D044005EBC4B /* Products */;
			projectDirPath = "";
			projectRoot = "";
			targets = (
				CE73B4001D81D044005EBC4B /* FriendsBase */,
			);
		};
/* End PBXProject section */

/* Begin PBXResourcesBuildPhase section */
		CE73B3FF1D81D044005EBC4B /* Resources */ = {
			isa = PBXResourcesBuildPhase;
			buildActionMask = 2147483647;
			files = (
				CE73B40F1D81D044005EBC4B /* LaunchScreen.storyboard in Resources */,
				CE73B4171D81D116005EBC4B /* GoogleService-Info.plist in Resources */,
				CE73B40C1D81D044005EBC4B /* Assets.xcassets in Resources */,
				CE73B40A1D81D044005EBC4B /* Main.storyboard in Resources */,
			);
			runOnlyForDeploymentPostprocessing = 0;
		};
/* End PBXResourcesBuildPhase section */

/* Begin PBXShellScriptBuildPhase section */
		14C31ED4D47EA5812407FB4F /* [CP] Embed Pods Frameworks */ = {
			isa = PBXShellScriptBuildPhase;
			buildActionMask = 2147483647;
			files = (
			);
			inputPaths = (
			);
			name = "[CP] Embed Pods Frameworks";
			outputPaths = (
			);
			runOnlyForDeploymentPostprocessing = 0;
			shellPath = /bin/sh;
			shellScript = "\"${SRCROOT}/Pods/Target Support Files/Pods-FriendsBase/Pods-FriendsBase-frameworks.sh\"\n";
			showEnvVarsInLog = 0;
		};
		3367445B27EB3D98CD80441E /* [CP] Check Pods Manifest.lock */ = {
			isa = PBXShellScriptBuildPhase;
			buildActionMask = 2147483647;
			files = (
			);
			inputPaths = (
			);
			name = "[CP] Check Pods Manifest.lock";
			outputPaths = (
			);
			runOnlyForDeploymentPostprocessing = 0;
			shellPath = /bin/sh;
			shellScript = "diff \"${PODS_ROOT}/../Podfile.lock\" \"${PODS_ROOT}/Manifest.lock\" > /dev/null\nif [ $? != 0 ] ; then\n    # print error to STDERR\n    echo \"error: The sandbox is not in sync with the Podfile.lock. Run 'pod install' or update your CocoaPods installation.\" >&2\n    exit 1\nfi\n";
			showEnvVarsInLog = 0;
		};
		428B0FB3B65803A120A6D57D /* [CP] Copy Pods Resources */ = {
			isa = PBXShellScriptBuildPhase;
			buildActionMask = 2147483647;
			files = (
			);
			inputPaths = (
			);
			name = "[CP] Copy Pods Resources";
			outputPaths = (
			);
			runOnlyForDeploymentPostprocessing = 0;
			shellPath = /bin/sh;
			shellScript = "\"${SRCROOT}/Pods/Target Support Files/Pods-FriendsBase/Pods-FriendsBase-resources.sh\"\n";
			showEnvVarsInLog = 0;
		};
/* End PBXShellScriptBuildPhase section */

/* Begin PBXSourcesBuildPhase section */
		CE73B3FD1D81D044005EBC4B /* Sources */ = {
			isa = PBXSourcesBuildPhase;
			buildActionMask = 2147483647;
			files = (
				CE73B4071D81D044005EBC4B /* SignInVC.swift in Sources */,
				CE6F7C281D8339C600D2096D /* RoundBtn.swift in Sources */,
				CE73B4051D81D044005EBC4B /* AppDelegate.swift in Sources */,
				CE6F7C2A1D83403E00D2096D /* DesignTxtField.swift in Sources */,
				CE78D0AA1D839CD700AB4C17 /* FeedVC.swift in Sources */,
				CE6F7C221D8333B800D2096D /* DesignView.swift in Sources */,
				CE6F7C261D83365100D2096D /* Constants.swift in Sources */,
				CE6F7C2C1D8341CD00D2096D /* DesignBtn.swift in Sources */,
			);
			runOnlyForDeploymentPostprocessing = 0;
		};
/* End PBXSourcesBuildPhase section */

/* Begin PBXVariantGroup section */
		CE73B4081D81D044005EBC4B /* Main.storyboard */ = {
			isa = PBXVariantGroup;
			children = (
				CE73B4091D81D044005EBC4B /* Base */,
			);
			name = Main.storyboard;
			sourceTree = "<group>";
		};
		CE73B40D1D81D044005EBC4B /* LaunchScreen.storyboard */ = {
			isa = PBXVariantGroup;
			children = (
				CE73B40E1D81D044005EBC4B /* Base */,
			);
			name = LaunchScreen.storyboard;
			sourceTree = "<group>";
		};
/* End PBXVariantGroup section */

/* Begin XCBuildConfiguration section */
		CE73B4111D81D044005EBC4B /* Debug */ = {
			isa = XCBuildConfiguration;
			buildSettings = {
				ALWAYS_SEARCH_USER_PATHS = NO;
				CLANG_ANALYZER_NONNULL = YES;
				CLANG_CXX_LANGUAGE_STANDARD = "gnu++0x";
				CLANG_CXX_LIBRARY = "libc++";
				CLANG_ENABLE_MODULES = YES;
				CLANG_ENABLE_OBJC_ARC = YES;
				CLANG_WARN_BOOL_CONVERSION = YES;
				CLANG_WARN_CONSTANT_CONVERSION = YES;
				CLANG_WARN_DIRECT_OBJC_ISA_USAGE = YES_ERROR;
				CLANG_WARN_DOCUMENTATION_COMMENTS = YES;
				CLANG_WARN_EMPTY_BODY = YES;
				CLANG_WARN_ENUM_CONVERSION = YES;
				CLANG_WARN_INFINITE_RECURSION = YES;
				CLANG_WARN_INT_CONVERSION = YES;
				CLANG_WARN_OBJC_ROOT_CLASS = YES_ERROR;
				CLANG_WARN_SUSPICIOUS_MOVES = YES;
				CLANG_WARN_UNREACHABLE_CODE = YES;
				CLANG_WARN__DUPLICATE_METHOD_MATCH = YES;
				"CODE_SIGN_IDENTITY[sdk=iphoneos*]" = "iPhone Developer";
				COPY_PHASE_STRIP = NO;
				DEBUG_INFORMATION_FORMAT = dwarf;
				ENABLE_STRICT_OBJC_MSGSEND = YES;
				ENABLE_TESTABILITY = YES;
				GCC_C_LANGUAGE_STANDARD = gnu99;
				GCC_DYNAMIC_NO_PIC = NO;
				GCC_NO_COMMON_BLOCKS = YES;
				GCC_OPTIMIZATION_LEVEL = 0;
				GCC_PREPROCESSOR_DEFINITIONS = (
					"DEBUG=1",
					"$(inherited)",
				);
				GCC_WARN_64_TO_32_BIT_CONVERSION = YES;
				GCC_WARN_ABOUT_RETURN_TYPE = YES_ERROR;
				GCC_WARN_UNDECLARED_SELECTOR = YES;
				GCC_WARN_UNINITIALIZED_AUTOS = YES_AGGRESSIVE;
				GCC_WARN_UNUSED_FUNCTION = YES;
				GCC_WARN_UNUSED_VARIABLE = YES;
				IPHONEOS_DEPLOYMENT_TARGET = 10.0;
				MTL_ENABLE_DEBUG_INFO = YES;
				ONLY_ACTIVE_ARCH = YES;
				SDKROOT = iphoneos;
				SWIFT_ACTIVE_COMPILATION_CONDITIONS = DEBUG;
				SWIFT_OPTIMIZATION_LEVEL = "-Onone";
				TARGETED_DEVICE_FAMILY = "1,2";
			};
			name = Debug;
		};
		CE73B4121D81D044005EBC4B /* Release */ = {
			isa = XCBuildConfiguration;
			buildSettings = {
				ALWAYS_SEARCH_USER_PATHS = NO;
				CLANG_ANALYZER_NONNULL = YES;
				CLANG_CXX_LANGUAGE_STANDARD = "gnu++0x";
				CLANG_CXX_LIBRARY = "libc++";
				CLANG_ENABLE_MODULES = YES;
				CLANG_ENABLE_OBJC_ARC = YES;
				CLANG_WARN_BOOL_CONVERSION = YES;
				CLANG_WARN_CONSTANT_CONVERSION = YES;
				CLANG_WARN_DIRECT_OBJC_ISA_USAGE = YES_ERROR;
				CLANG_WARN_DOCUMENTATION_COMMENTS = YES;
				CLANG_WARN_EMPTY_BODY = YES;
				CLANG_WARN_ENUM_CONVERSION = YES;
				CLANG_WARN_INFINITE_RECURSION = YES;
				CLANG_WARN_INT_CONVERSION = YES;
				CLANG_WARN_OBJC_ROOT_CLASS = YES_ERROR;
				CLANG_WARN_SUSPICIOUS_MOVES = YES;
				CLANG_WARN_UNREACHABLE_CODE = YES;
				CLANG_WARN__DUPLICATE_METHOD_MATCH = YES;
				"CODE_SIGN_IDENTITY[sdk=iphoneos*]" = "iPhone Developer";
				COPY_PHASE_STRIP = NO;
				DEBUG_INFORMATION_FORMAT = "dwarf-with-dsym";
				ENABLE_NS_ASSERTIONS = NO;
				ENABLE_STRICT_OBJC_MSGSEND = YES;
				GCC_C_LANGUAGE_STANDARD = gnu99;
				GCC_NO_COMMON_BLOCKS = YES;
				GCC_WARN_64_TO_32_BIT_CONVERSION = YES;
				GCC_WARN_ABOUT_RETURN_TYPE = YES_ERROR;
				GCC_WARN_UNDECLARED_SELECTOR = YES;
				GCC_WARN_UNINITIALIZED_AUTOS = YES_AGGRESSIVE;
				GCC_WARN_UNUSED_FUNCTION = YES;
				GCC_WARN_UNUSED_VARIABLE = YES;
				IPHONEOS_DEPLOYMENT_TARGET = 10.0;
				MTL_ENABLE_DEBUG_INFO = NO;
				SDKROOT = iphoneos;
				SWIFT_OPTIMIZATION_LEVEL = "-Owholemodule";
				TARGETED_DEVICE_FAMILY = "1,2";
				VALIDATE_PRODUCT = YES;
			};
			name = Release;
		};
		CE73B4141D81D044005EBC4B /* Debug */ = {
			isa = XCBuildConfiguration;
			baseConfigurationReference = E3B10E350535D3B241E52FBB /* Pods-FriendsBase.debug.xcconfig */;
			buildSettings = {
				ASSETCATALOG_COMPILER_APPICON_NAME = AppIcon;
				CODE_SIGN_ENTITLEMENTS = FriendsBase/FriendsBase.entitlements;
				DEVELOPMENT_TEAM = UW7D9DM39Y;
				FRAMEWORK_SEARCH_PATHS = (
					"$(inherited)",
					"$(PROJECT_DIR)",
				);
				INFOPLIST_FILE = FriendsBase/Info.plist;
				LD_RUNPATH_SEARCH_PATHS = "$(inherited) @executable_path/Frameworks";
				PRODUCT_BUNDLE_IDENTIFIER = com.vignesh.FriendsBase;
				PRODUCT_NAME = "$(TARGET_NAME)";
				SWIFT_VERSION = 3.0;
			};
			name = Debug;
		};
		CE73B4151D81D044005EBC4B /* Release */ = {
			isa = XCBuildConfiguration;
			baseConfigurationReference = D1BAE5D1AC9E28E8F2AB1AB1 /* Pods-FriendsBase.release.xcconfig */;
			buildSettings = {
				ASSETCATALOG_COMPILER_APPICON_NAME = AppIcon;
				CODE_SIGN_ENTITLEMENTS = FriendsBase/FriendsBase.entitlements;
				DEVELOPMENT_TEAM = UW7D9DM39Y;
				FRAMEWORK_SEARCH_PATHS = (
					"$(inherited)",
					"$(PROJECT_DIR)",
				);
				INFOPLIST_FILE = FriendsBase/Info.plist;
				LD_RUNPATH_SEARCH_PATHS = "$(inherited) @executable_path/Frameworks";
				PRODUCT_BUNDLE_IDENTIFIER = com.vignesh.FriendsBase;
				PRODUCT_NAME = "$(TARGET_NAME)";
				SWIFT_VERSION = 3.0;
			};
			name = Release;
		};
/* End XCBuildConfiguration section */

/* Begin XCConfigurationList section */
		CE73B3FC1D81D044005EBC4B /* Build configuration list for PBXProject "FriendsBase" */ = {
			isa = XCConfigurationList;
			buildConfigurations = (
				CE73B4111D81D044005EBC4B /* Debug */,
				CE73B4121D81D044005EBC4B /* Release */,
			);
			defaultConfigurationIsVisible = 0;
			defaultConfigurationName = Release;
		};
		CE73B4131D81D044005EBC4B /* Build configuration list for PBXNativeTarget "FriendsBase" */ = {
			isa = XCConfigurationList;
			buildConfigurations = (
				CE73B4141D81D044005EBC4B /* Debug */,
				CE73B4151D81D044005EBC4B /* Release */,
			);
			defaultConfigurationIsVisible = 0;
			defaultConfigurationName = Release;
		};
/* End XCConfigurationList section */
	};
	rootObject = CE73B3F91D81D044005EBC4B /* Project object */;
}
